
Microsoft Visual Studio Solution File, Format Version 12.00
# Visual Studio Version 17
VisualStudioVersion = 17.14.36429.23 d17.14
MinimumVisualStudioVersion = 10.0.40219.1
Project("{FAE04EC0-301F-11D3-BF4B-00C04F79EFBC}") = "TestTask", "TestTask\TestTask.csproj", "{2F942594-A58F-4825-98F6-265F0250A00D}"
EndProject
Global
	GlobalSection(SolutionConfigurationPlatforms) = preSolution
		Debug|Any CPU = Debug|Any CPU
		Release|Any CPU = Release|Any CPU
	EndGlobalSection
	GlobalSection(ProjectConfigurationPlatforms) = postSolution
		{2F942594-A58F-4825-98F6-265F0250A00D}.Debug|Any CPU.ActiveCfg = Debug|Any CPU
		{2F942594-A58F-4825-98F6-265F0250A00D}.Debug|Any CPU.Build.0 = Debug|Any CPU
		{2F942594-A58F-4825-98F6-265F0250A00D}.Release|Any CPU.ActiveCfg = Release|Any CPU
		{2F942594-A58F-4825-98F6-265F0250A00D}.Release|Any CPU.Build.0 = Release|Any CPU
	EndGlobalSection
	GlobalSection(SolutionProperties) = preSolution
		HideSolutionNode = FALSE
	EndGlobalSection
	GlobalSection(ExtensibilityGlobals) = postSolution
		SolutionGuid = {12478871-B502-4324-97D7-7AA3C2343128}
	EndGlobalSection
EndGlobal
